
Microsoft Visual Studio Solution File, Format Version 12.00
# Visual Studio 15
VisualStudioVersion = 15.0.26730.10
MinimumVisualStudioVersion = 10.0.40219.1
Project("{9A19103F-16F7-4668-BE54-9A1E7A4F7556}") = "Domain", "Domain\Domain.csproj", "{83EB8D60-1309-45EE-9633-0800E9F6A7D1}"
EndProject
Project("{9A19103F-16F7-4668-BE54-9A1E7A4F7556}") = "DomainTests", "DomainTests\DomainTests.csproj", "{481E36F6-09A4-41AC-B4AD-86B015EEDD58}"
EndProject
Project("{9A19103F-16F7-4668-BE54-9A1E7A4F7556}") = "Application", "Application\Application.csproj", "{C6DD93CD-6C4C-49E2-9FF0-DA3D72163A18}"
EndProject
Project("{9A19103F-16F7-4668-BE54-9A1E7A4F7556}") = "Repository", "Repository\Repository.csproj", "{D31DF0C7-A0F3-4092-95B8-C0C5E0B8F660}"
EndProject
Project("{9A19103F-16F7-4668-BE54-9A1E7A4F7556}") = "Common", "Common\Common.csproj", "{746D3737-901D-44BD-9006-97A1821BF893}"
EndProject
Project("{9A19103F-16F7-4668-BE54-9A1E7A4F7556}") = "InterviewsAPI", "InterviewsAPI\InterviewsAPI.csproj", "{2BF0901C-1A31-4A7B-A0FB-B86AE1338B57}"
EndProject
Project("{E53339B2-1760-4266-BCC7-CA923CBCF16C}") = "docker-compose", "docker-compose.dcproj", "{B3AE13E7-8BB5-4042-995E-62CD42695C04}"
EndProject
Global
	GlobalSection(SolutionConfigurationPlatforms) = preSolution
		Debug|Any CPU = Debug|Any CPU
		Release|Any CPU = Release|Any CPU
	EndGlobalSection
	GlobalSection(ProjectConfigurationPlatforms) = postSolution
		{83EB8D60-1309-45EE-9633-0800E9F6A7D1}.Debug|Any CPU.ActiveCfg = Debug|Any CPU
		{83EB8D60-1309-45EE-9633-0800E9F6A7D1}.Debug|Any CPU.Build.0 = Debug|Any CPU
		{83EB8D60-1309-45EE-9633-0800E9F6A7D1}.Release|Any CPU.ActiveCfg = Release|Any CPU
		{83EB8D60-1309-45EE-9633-0800E9F6A7D1}.Release|Any CPU.Build.0 = Release|Any CPU
		{481E36F6-09A4-41AC-B4AD-86B015EEDD58}.Debug|Any CPU.ActiveCfg = Debug|Any CPU
		{481E36F6-09A4-41AC-B4AD-86B015EEDD58}.Debug|Any CPU.Build.0 = Debug|Any CPU
		{481E36F6-09A4-41AC-B4AD-86B015EEDD58}.Release|Any CPU.ActiveCfg = Release|Any CPU
		{481E36F6-09A4-41AC-B4AD-86B015EEDD58}.Release|Any CPU.Build.0 = Release|Any CPU
		{C6DD93CD-6C4C-49E2-9FF0-DA3D72163A18}.Debug|Any CPU.ActiveCfg = Debug|Any CPU
		{C6DD93CD-6C4C-49E2-9FF0-DA3D72163A18}.Debug|Any CPU.Build.0 = Debug|Any CPU
		{C6DD93CD-6C4C-49E2-9FF0-DA3D72163A18}.Release|Any CPU.ActiveCfg = Release|Any CPU
		{C6DD93CD-6C4C-49E2-9FF0-DA3D72163A18}.Release|Any CPU.Build.0 = Release|Any CPU
		{D31DF0C7-A0F3-4092-95B8-C0C5E0B8F660}.Debug|Any CPU.ActiveCfg = Debug|Any CPU
		{D31DF0C7-A0F3-4092-95B8-C0C5E0B8F660}.Debug|Any CPU.Build.0 = Debug|Any CPU
		{D31DF0C7-A0F3-4092-95B8-C0C5E0B8F660}.Release|Any CPU.ActiveCfg = Release|Any CPU
		{D31DF0C7-A0F3-4092-95B8-C0C5E0B8F660}.Release|Any CPU.Build.0 = Release|Any CPU
		{746D3737-901D-44BD-9006-97A1821BF893}.Debug|Any CPU.ActiveCfg = Debug|Any CPU
		{746D3737-901D-44BD-9006-97A1821BF893}.Debug|Any CPU.Build.0 = Debug|Any CPU
		{746D3737-901D-44BD-9006-97A1821BF893}.Release|Any CPU.ActiveCfg = Release|Any CPU
		{746D3737-901D-44BD-9006-97A1821BF893}.Release|Any CPU.Build.0 = Release|Any CPU
		{2BF0901C-1A31-4A7B-A0FB-B86AE1338B57}.Debug|Any CPU.ActiveCfg = Debug|Any CPU
		{2BF0901C-1A31-4A7B-A0FB-B86AE1338B57}.Release|Any CPU.ActiveCfg = Release|Any CPU
		{2BF0901C-1A31-4A7B-A0FB-B86AE1338B57}.Release|Any CPU.Build.0 = Release|Any CPU
		{B3AE13E7-8BB5-4042-995E-62CD42695C04}.Debug|Any CPU.ActiveCfg = Debug|Any CPU
		{B3AE13E7-8BB5-4042-995E-62CD42695C04}.Debug|Any CPU.Build.0 = Debug|Any CPU
		{B3AE13E7-8BB5-4042-995E-62CD42695C04}.Release|Any CPU.ActiveCfg = Release|Any CPU
		{B3AE13E7-8BB5-4042-995E-62CD42695C04}.Release|Any CPU.Build.0 = Release|Any CPU
	EndGlobalSection
	GlobalSection(SolutionProperties) = preSolution
		HideSolutionNode = FALSE
	EndGlobalSection
	GlobalSection(ExtensibilityGlobals) = postSolution
		SolutionGuid = {3A04CD37-FB0F-4B7D-ACF6-33640BC37117}
	EndGlobalSection
EndGlobal
